
Microsoft Visual Studio Solution File, Format Version 12.00
# Visual Studio Version 17
VisualStudioVersion = 17.6.33829.357
MinimumVisualStudioVersion = 10.0.40219.1
Project("{FAE04EC0-301F-11D3-BF4B-00C04F79EFBC}") = "DemoUnitTest.Models", "DemoUnitTest.Models\DemoUnitTest.Models.csproj", "{E0331358-7982-4ED2-8ABD-714D59359983}"
EndProject
Project("{FAE04EC0-301F-11D3-BF4B-00C04F79EFBC}") = "DemoUnitTest.Test", "DemoUnitTest.Test\DemoUnitTest.Test.csproj", "{B0145272-B369-4286-B389-FF299787AF12}"
EndProject
Global
	GlobalSection(SolutionConfigurationPlatforms) = preSolution
		Debug|Any CPU = Debug|Any CPU
		Release|Any CPU = Release|Any CPU
	EndGlobalSection
	GlobalSection(ProjectConfigurationPlatforms) = postSolution
		{E0331358-7982-4ED2-8ABD-714D59359983}.Debug|Any CPU.ActiveCfg = Debug|Any CPU
		{E0331358-7982-4ED2-8ABD-714D59359983}.Debug|Any CPU.Build.0 = Debug|Any CPU
		{E0331358-7982-4ED2-8ABD-714D59359983}.Release|Any CPU.ActiveCfg = Release|Any CPU
		{E0331358-7982-4ED2-8ABD-714D59359983}.Release|Any CPU.Build.0 = Release|Any CPU
		{B0145272-B369-4286-B389-FF299787AF12}.Debug|Any CPU.ActiveCfg = Debug|Any CPU
		{B0145272-B369-4286-B389-FF299787AF12}.Debug|Any CPU.Build.0 = Debug|Any CPU
		{B0145272-B369-4286-B389-FF299787AF12}.Release|Any CPU.ActiveCfg = Release|Any CPU
		{B0145272-B369-4286-B389-FF299787AF12}.Release|Any CPU.Build.0 = Release|Any CPU
	EndGlobalSection
	GlobalSection(SolutionProperties) = preSolution
		HideSolutionNode = FALSE
	EndGlobalSection
	GlobalSection(ExtensibilityGlobals) = postSolution
		SolutionGuid = {1B35368A-12C7-4EBF-93AF-2466EDD10709}
	EndGlobalSection
EndGlobal
